
Microsoft Visual Studio Solution File, Format Version 12.00
# Visual Studio Version 17
VisualStudioVersion = 17.11.35327.3
MinimumVisualStudioVersion = 10.0.40219.1
Project("{9A19103F-16F7-4668-BE54-9A1E7A4F7556}") = "KoiShowManagementSystem.WebApplication", "KoiShowManagementSystem.WebApplication\KoiShowManagementSystem.WebApplication.csproj", "{C5383919-0E72-4DBC-AFCD-F7E8BF86074F}"
EndProject
Project("{9A19103F-16F7-4668-BE54-9A1E7A4F7556}") = "KoiShowManagementSystem.Repositories", "KoiShowManagementSystem.Repositories\KoiShowManagementSystem.Repositories.csproj", "{E7C3A548-3BB1-4564-8108-2DD24FCAD37B}"
EndProject
Project("{9A19103F-16F7-4668-BE54-9A1E7A4F7556}") = "KoiShowManagementSystem.Services", "KoiShowManagementSystem.Services\KoiShowManagementSystem.Services.csproj", "{EFF9C804-3064-481A-98C4-CE934D617B9F}"
EndProject
Global
	GlobalSection(SolutionConfigurationPlatforms) = preSolution
		Debug|Any CPU = Debug|Any CPU
		Release|Any CPU = Release|Any CPU
	EndGlobalSection
	GlobalSection(ProjectConfigurationPlatforms) = postSolution
		{C5383919-0E72-4DBC-AFCD-F7E8BF86074F}.Debug|Any CPU.ActiveCfg = Debug|Any CPU
		{C5383919-0E72-4DBC-AFCD-F7E8BF86074F}.Debug|Any CPU.Build.0 = Debug|Any CPU
		{C5383919-0E72-4DBC-AFCD-F7E8BF86074F}.Release|Any CPU.ActiveCfg = Release|Any CPU
		{C5383919-0E72-4DBC-AFCD-F7E8BF86074F}.Release|Any CPU.Build.0 = Release|Any CPU
		{E7C3A548-3BB1-4564-8108-2DD24FCAD37B}.Debug|Any CPU.ActiveCfg = Debug|Any CPU
		{E7C3A548-3BB1-4564-8108-2DD24FCAD37B}.Debug|Any CPU.Build.0 = Debug|Any CPU
		{E7C3A548-3BB1-4564-8108-2DD24FCAD37B}.Release|Any CPU.ActiveCfg = Release|Any CPU
		{E7C3A548-3BB1-4564-8108-2DD24FCAD37B}.Release|Any CPU.Build.0 = Release|Any CPU
		{EFF9C804-3064-481A-98C4-CE934D617B9F}.Debug|Any CPU.ActiveCfg = Debug|Any CPU
		{EFF9C804-3064-481A-98C4-CE934D617B9F}.Debug|Any CPU.Build.0 = Debug|Any CPU
		{EFF9C804-3064-481A-98C4-CE934D617B9F}.Release|Any CPU.ActiveCfg = Release|Any CPU
		{EFF9C804-3064-481A-98C4-CE934D617B9F}.Release|Any CPU.Build.0 = Release|Any CPU
	EndGlobalSection
	GlobalSection(SolutionProperties) = preSolution
		HideSolutionNode = FALSE
	EndGlobalSection
	GlobalSection(ExtensibilityGlobals) = postSolution
		SolutionGuid = {FF113F98-87ED-4A18-9678-2FE585B3C80C}
	EndGlobalSection
EndGlobal
