
Microsoft Visual Studio Solution File, Format Version 12.00
# Visual Studio Version 16
VisualStudioVersion = 25.0.1706.14
MinimumVisualStudioVersion = 10.0.40219.1
Project("{FAE04EC0-301F-11D3-BF4B-00C04F79EFBC}") = "KoiShowManagement.Repositories", "KoiShowManagement.Repositories\KoiShowManagement.Repositories.csproj", "{78197629-20AE-43E1-BE49-E89953CFE714}"
EndProject
Project("{FAE04EC0-301F-11D3-BF4B-00C04F79EFBC}") = "KoiShowManagement.WebApp", "KoiShowManagement.WebApp\KoiShowManagement.WebApp.csproj", "{67FA3769-C5F1-4362-B6F2-880F97C894CE}"
EndProject
Project("{FAE04EC0-301F-11D3-BF4B-00C04F79EFBC}") = "KoiShowManagement.Services", "KoiShowManagement.Services\KoiShowManagement.Services.csproj", "{2F2D86B4-E054-474C-AD59-611C44E25CE0}"
EndProject
Global
	GlobalSection(SolutionConfigurationPlatforms) = preSolution
		Debug|Any CPU = Debug|Any CPU
		Release|Any CPU = Release|Any CPU
	EndGlobalSection
	GlobalSection(ProjectConfigurationPlatforms) = postSolution
		{78197629-20AE-43E1-BE49-E89953CFE714}.Debug|Any CPU.ActiveCfg = Debug|Any CPU
		{78197629-20AE-43E1-BE49-E89953CFE714}.Debug|Any CPU.Build.0 = Debug|Any CPU
		{78197629-20AE-43E1-BE49-E89953CFE714}.Release|Any CPU.ActiveCfg = Release|Any CPU
		{78197629-20AE-43E1-BE49-E89953CFE714}.Release|Any CPU.Build.0 = Release|Any CPU
		{67FA3769-C5F1-4362-B6F2-880F97C894CE}.Debug|Any CPU.ActiveCfg = Debug|Any CPU
		{67FA3769-C5F1-4362-B6F2-880F97C894CE}.Debug|Any CPU.Build.0 = Debug|Any CPU
		{67FA3769-C5F1-4362-B6F2-880F97C894CE}.Release|Any CPU.ActiveCfg = Release|Any CPU
		{67FA3769-C5F1-4362-B6F2-880F97C894CE}.Release|Any CPU.Build.0 = Release|Any CPU
		{2F2D86B4-E054-474C-AD59-611C44E25CE0}.Debug|Any CPU.ActiveCfg = Debug|Any CPU
		{2F2D86B4-E054-474C-AD59-611C44E25CE0}.Debug|Any CPU.Build.0 = Debug|Any CPU
		{2F2D86B4-E054-474C-AD59-611C44E25CE0}.Release|Any CPU.ActiveCfg = Release|Any CPU
		{2F2D86B4-E054-474C-AD59-611C44E25CE0}.Release|Any CPU.Build.0 = Release|Any CPU
	EndGlobalSection
	GlobalSection(SolutionProperties) = preSolution
		HideSolutionNode = FALSE
	EndGlobalSection
	GlobalSection(ExtensibilityGlobals) = postSolution
		SolutionGuid = {6550AAC3-DE44-44FB-9A16-491424A8F44D}
	EndGlobalSection
EndGlobal
